# This file was autogenerated by Stack.
# You should not edit this file by hand.
# For more information, please see the documentation at:
#   https://docs.haskellstack.org/en/stable/lock_files

packages:
- completed:
    hackage: hindent-5.3.1@sha256:23dc3d423820a1de4a11f54eb87992f2c9fa1b686b2230bb06d1af46edc85c4b,3452
    pantry-tree:
      size: 1027
      sha256: 29ea7cff1847793ca6249158ad919f4bb7095e59067f9750f4ce7051496e03d0
  original:
    hackage: hindent-5.3.1@sha256:23dc3d423820a1de4a11f54eb87992f2c9fa1b686b2230bb06d1af46edc85c4b,3452
- completed:
    hackage: stylish-haskell-0.9.3.0@sha256:26a0017cbae0f203804320bd8421ebfc2d940e565f60a76f8939b69836409bcd,4581
    pantry-tree:
      size: 2604
      sha256: 4e0b33642eb0a22b90605ec89c2c511dc3c4309454b643b23a443476f64faf19
  original:
    hackage: stylish-haskell-0.9.3.0@sha256:26a0017cbae0f203804320bd8421ebfc2d940e565f60a76f8939b69836409bcd,4581
snapshots:
- completed:
    size: 524130
    url: https://raw.githubusercontent.com/commercialhaskell/stackage-snapshots/master/lts/14/10.yaml
    sha256: 04841e0397d7ce6364f19359fce89aa45ca8684609d665845db80d398002baa9
  original: lts-14.10
